
Microsoft Visual Studio Solution File, Format Version 12.00
# Visual Studio 15
VisualStudioVersion = 15.0.27130.2003
MinimumVisualStudioVersion = 10.0.40219.1
Project("{FAE04EC0-301F-11D3-BF4B-00C04F79EFBC}") = "SharpRavenLight", "SharpRavenLight\SharpRavenLight.csproj", "{BA7E65B3-6E1C-4DD7-91BB-AF6B23386C84}"
EndProject
Global
	GlobalSection(SolutionConfigurationPlatforms) = preSolution
		Debug|Any CPU = Debug|Any CPU
		Release|Any CPU = Release|Any CPU
	EndGlobalSection
	GlobalSection(ProjectConfigurationPlatforms) = postSolution
		{BA7E65B3-6E1C-4DD7-91BB-AF6B23386C84}.Debug|Any CPU.ActiveCfg = Debug|Any CPU
		{BA7E65B3-6E1C-4DD7-91BB-AF6B23386C84}.Debug|Any CPU.Build.0 = Debug|Any CPU
		{BA7E65B3-6E1C-4DD7-91BB-AF6B23386C84}.Release|Any CPU.ActiveCfg = Release|Any CPU
		{BA7E65B3-6E1C-4DD7-91BB-AF6B23386C84}.Release|Any CPU.Build.0 = Release|Any CPU
	EndGlobalSection
	GlobalSection(SolutionProperties) = preSolution
		HideSolutionNode = FALSE
	EndGlobalSection
	GlobalSection(ExtensibilityGlobals) = postSolution
		SolutionGuid = {5F5D470A-AFEC-4C23-AA5D-208DFE801CF6}
	EndGlobalSection
EndGlobal
